{
  "nodes": {
    "emacs": {
      "flake": false,
      "locked": {
        "lastModified": 1664656546,
        "narHash": "sha256-fF8SGobojq/Yi2EbFnceqR26ZFDc9WfxTkiK4AResNs=",
        "ref": "refs/heads/master",
        "rev": "179a1d52984b8b79e7614fe2f8d8a5c8e355809c",
        "revCount": 160262,
        "type": "git",
        "url": "https://git.sv.gnu.org/git/emacs.git"
      },
      "original": {
        "type": "git",
        "url": "https://git.sv.gnu.org/git/emacs.git"
      }
    },
    "nixpkgs": {
      "locked": {
        "lastModified": 1664538465,
        "narHash": "sha256-EnlC7dDKX7X1wlnXkB1gmn9rBZQ0J9+biVTZHw//8us=",
        "owner": "nixos",
        "repo": "nixpkgs",
        "rev": "10ecda252ce1b3b1d6403caeadbcc8f30d5ab796",
        "type": "github"
      },
      "original": {
        "owner": "nixos",
        "ref": "nixos-unstable",
        "repo": "nixpkgs",
        "type": "github"
      }
    },
    "root": {
      "inputs": {
        "emacs": "emacs",
        "nixpkgs": "nixpkgs"
      }
    }
  },
  "root": "root",
  "version": 7
}
